// !$*UTF8*$!
{
	archiveVersion = 1;
	classes = {
	};
	objectVersion = 46;
	objects = {

/* Begin PBXBuildFile section */
		090832A41E07AF17003800C0 /* YLCellModel.m in Sources */ = {isa = PBXBuildFile; fileRef = 090832A31E07AF17003800C0 /* YLCellModel.m */; };
		0941B7A71E09294B005FEEA8 /* UICKeyChainStore.m in Sources */ = {isa = PBXBuildFile; fileRef = 0941B7A61E09294B005FEEA8 /* UICKeyChainStore.m */; };
		09626D071E03B2B900BF41C1 /* YLTextFeildTableViewCell.m in Sources */ = {isa = PBXBuildFile; fileRef = 09626D061E03B2B900BF41C1 /* YLTextFeildTableViewCell.m */; };
		09626D0A1E03BA4700BF41C1 /* UIView+Helpers.m in Sources */ = {isa = PBXBuildFile; fileRef = 09626D091E03BA4700BF41C1 /* UIView+Helpers.m */; };
		09626D0D1E03C01A00BF41C1 /* DingTalkConfig.m in Sources */ = {isa = PBXBuildFile; fileRef = 09626D0C1E03C01A00BF41C1 /* DingTalkConfig.m */; };
		096C80D51E098EBF00427DBE /* YLMapViewController.m in Sources */ = {isa = PBXBuildFile; fileRef = 096C80D41E098EBF00427DBE /* YLMapViewController.m */; };
		096C80D81E0991DE00427DBE /* YLLocationManager.m in Sources */ = {isa = PBXBuildFile; fileRef = 096C80D71E0991DE00427DBE /* YLLocationManager.m */; };
		096C80DB1E0994E100427DBE /* YLMyAnotation.m in Sources */ = {isa = PBXBuildFile; fileRef = 096C80DA1E0994E100427DBE /* YLMyAnotation.m */; };
		096C80DE1E0995E400427DBE /* YLLocationCaluate.m in Sources */ = {isa = PBXBuildFile; fileRef = 096C80DD1E0995E400427DBE /* YLLocationCaluate.m */; };
		099FC70B1DF9238000686B81 /* Aspects.m in Sources */ = {isa = PBXBuildFile; fileRef = 099FC70A1DF9238000686B81 /* Aspects.m */; };
		099FC70F1DF9238D00686B81 /* DingTalkRedEnvelop.m in Sources */ = {isa = PBXBuildFile; fileRef = 099FC70E1DF9238D00686B81 /* DingTalkRedEnvelop.m */; };
		099FC7221DF923AC00686B81 /* YLAssitManager.m in Sources */ = {isa = PBXBuildFile; fileRef = 099FC7111DF923AC00686B81 /* YLAssitManager.m */; };
		099FC7231DF923AC00686B81 /* YLCoordinatesViewController.m in Sources */ = {isa = PBXBuildFile; fileRef = 099FC7131DF923AC00686B81 /* YLCoordinatesViewController.m */; };
		099FC7241DF923AC00686B81 /* YLExplorerToolBar.m in Sources */ = {isa = PBXBuildFile; fileRef = 099FC7151DF923AC00686B81 /* YLExplorerToolBar.m */; };
		099FC7251DF923AC00686B81 /* YLExplorerViewController.m in Sources */ = {isa = PBXBuildFile; fileRef = 099FC7171DF923AC00686B81 /* YLExplorerViewController.m */; };
		099FC7261DF923AC00686B81 /* YLGlobalViewController.m in Sources */ = {isa = PBXBuildFile; fileRef = 099FC7191DF923AC00686B81 /* YLGlobalViewController.m */; };
		099FC7271DF923AC00686B81 /* YLHongBaoViewController.m in Sources */ = {isa = PBXBuildFile; fileRef = 099FC71B1DF923AC00686B81 /* YLHongBaoViewController.m */; };
		099FC7281DF923AC00686B81 /* YLSwitchTableViewCell.m in Sources */ = {isa = PBXBuildFile; fileRef = 099FC71D1DF923AC00686B81 /* YLSwitchTableViewCell.m */; };
		099FC7291DF923AC00686B81 /* YLUtility.m in Sources */ = {isa = PBXBuildFile; fileRef = 099FC71F1DF923AC00686B81 /* YLUtility.m */; };
		099FC72A1DF923AC00686B81 /* YLWindow.m in Sources */ = {isa = PBXBuildFile; fileRef = 099FC7211DF923AC00686B81 /* YLWindow.m */; };
/* End PBXBuildFile section */

/* Begin PBXCopyFilesBuildPhase section */
		099FC6FB1DF9236C00686B81 /* CopyFiles */ = {
			isa = PBXCopyFilesBuildPhase;
			buildActionMask = 2147483647;
			dstPath = "include/$(PRODUCT_NAME)";
			dstSubfolderSpec = 16;
			files = (
			);
			runOnlyForDeploymentPostprocessing = 0;
		};
/* End PBXCopyFilesBuildPhase section */

/* Begin PBXFileReference section */
		0908326C1E07A915003800C0 /* gloabalConfig.json */ = {isa = PBXFileReference; fileEncoding = 4; lastKnownFileType = text.json; path = gloabalConfig.json; sourceTree = "<group>"; };
		090832A21E07AF17003800C0 /* YLCellModel.h */ = {isa = PBXFileReference; fileEncoding = 4; lastKnownFileType = sourcecode.c.h; path = YLCellModel.h; sourceTree = "<group>"; };
		090832A31E07AF17003800C0 /* YLCellModel.m */ = {isa = PBXFileReference; fileEncoding = 4; lastKnownFileType = sourcecode.c.objc; path = YLCellModel.m; sourceTree = "<group>"; };
		0941B7A51E09294B005FEEA8 /* UICKeyChainStore.h */ = {isa = PBXFileReference; fileEncoding = 4; lastKnownFileType = sourcecode.c.h; path = UICKeyChainStore.h; sourceTree = "<group>"; };
		0941B7A61E09294B005FEEA8 /* UICKeyChainStore.m */ = {isa = PBXFileReference; fileEncoding = 4; lastKnownFileType = sourcecode.c.objc; path = UICKeyChainStore.m; sourceTree = "<group>"; };
		09626D051E03B2B900BF41C1 /* YLTextFeildTableViewCell.h */ = {isa = PBXFileReference; fileEncoding = 4; lastKnownFileType = sourcecode.c.h; path = YLTextFeildTableViewCell.h; sourceTree = "<group>"; };
		09626D061E03B2B900BF41C1 /* YLTextFeildTableViewCell.m */ = {isa = PBXFileReference; fileEncoding = 4; lastKnownFileType = sourcecode.c.objc; path = YLTextFeildTableViewCell.m; sourceTree = "<group>"; };
		09626D081E03BA4700BF41C1 /* UIView+Helpers.h */ = {isa = PBXFileReference; fileEncoding = 4; lastKnownFileType = sourcecode.c.h; path = "UIView+Helpers.h"; sourceTree = "<group>"; };
		09626D091E03BA4700BF41C1 /* UIView+Helpers.m */ = {isa = PBXFileReference; fileEncoding = 4; lastKnownFileType = sourcecode.c.objc; path = "UIView+Helpers.m"; sourceTree = "<group>"; };
		09626D0B1E03C01A00BF41C1 /* DingTalkConfig.h */ = {isa = PBXFileReference; fileEncoding = 4; lastKnownFileType = sourcecode.c.h; path = DingTalkConfig.h; sourceTree = "<group>"; };
		09626D0C1E03C01A00BF41C1 /* DingTalkConfig.m */ = {isa = PBXFileReference; fileEncoding = 4; lastKnownFileType = sourcecode.c.objc; path = DingTalkConfig.m; sourceTree = "<group>"; };
		096C80D31E098EBF00427DBE /* YLMapViewController.h */ = {isa = PBXFileReference; fileEncoding = 4; lastKnownFileType = sourcecode.c.h; path = YLMapViewController.h; sourceTree = "<group>"; };
		096C80D41E098EBF00427DBE /* YLMapViewController.m */ = {isa = PBXFileReference; fileEncoding = 4; lastKnownFileType = sourcecode.c.objc; path = YLMapViewController.m; sourceTree = "<group>"; };
		096C80D61E0991DE00427DBE /* YLLocationManager.h */ = {isa = PBXFileReference; fileEncoding = 4; lastKnownFileType = sourcecode.c.h; path = YLLocationManager.h; sourceTree = "<group>"; };
		096C80D71E0991DE00427DBE /* YLLocationManager.m */ = {isa = PBXFileReference; fileEncoding = 4; lastKnownFileType = sourcecode.c.objc; path = YLLocationManager.m; sourceTree = "<group>"; };
		096C80D91E0994E100427DBE /* YLMyAnotation.h */ = {isa = PBXFileReference; fileEncoding = 4; lastKnownFileType = sourcecode.c.h; path = YLMyAnotation.h; sourceTree = "<group>"; };
		096C80DA1E0994E100427DBE /* YLMyAnotation.m */ = {isa = PBXFileReference; fileEncoding = 4; lastKnownFileType = sourcecode.c.objc; path = YLMyAnotation.m; sourceTree = "<group>"; };
		096C80DC1E0995E400427DBE /* YLLocationCaluate.h */ = {isa = PBXFileReference; fileEncoding = 4; lastKnownFileType = sourcecode.c.h; path = YLLocationCaluate.h; sourceTree = "<group>"; };
		096C80DD1E0995E400427DBE /* YLLocationCaluate.m */ = {isa = PBXFileReference; fileEncoding = 4; lastKnownFileType = sourcecode.c.objc; path = YLLocationCaluate.m; sourceTree = "<group>"; };
		099FC6FD1DF9236C00686B81 /* libDingTalkNoJailTweak.a */ = {isa = PBXFileReference; explicitFileType = archive.ar; includeInIndex = 0; path = libDingTalkNoJailTweak.a; sourceTree = BUILT_PRODUCTS_DIR; };
		099FC7091DF9238000686B81 /* Aspects.h */ = {isa = PBXFileReference; fileEncoding = 4; lastKnownFileType = sourcecode.c.h; path = Aspects.h; sourceTree = "<group>"; };
		099FC70A1DF9238000686B81 /* Aspects.m */ = {isa = PBXFileReference; fileEncoding = 4; lastKnownFileType = sourcecode.c.objc; path = Aspects.m; sourceTree = "<group>"; };
		099FC70C1DF9238D00686B81 /* DingTalkHead.h */ = {isa = PBXFileReference; fileEncoding = 4; lastKnownFileType = sourcecode.c.h; path = DingTalkHead.h; sourceTree = "<group>"; };
		099FC70D1DF9238D00686B81 /* DingTalkRedEnvelop.h */ = {isa = PBXFileReference; fileEncoding = 4; lastKnownFileType = sourcecode.c.h; path = DingTalkRedEnvelop.h; sourceTree = "<group>"; };
		099FC70E1DF9238D00686B81 /* DingTalkRedEnvelop.m */ = {isa = PBXFileReference; fileEncoding = 4; lastKnownFileType = sourcecode.c.objc; path = DingTalkRedEnvelop.m; sourceTree = "<group>"; };
		099FC7101DF923AC00686B81 /* YLAssitManager.h */ = {isa = PBXFileReference; fileEncoding = 4; lastKnownFileType = sourcecode.c.h; path = YLAssitManager.h; sourceTree = "<group>"; };
		099FC7111DF923AC00686B81 /* YLAssitManager.m */ = {isa = PBXFileReference; fileEncoding = 4; lastKnownFileType = sourcecode.c.objc; path = YLAssitManager.m; sourceTree = "<group>"; };
		099FC7121DF923AC00686B81 /* YLCoordinatesViewController.h */ = {isa = PBXFileReference; fileEncoding = 4; lastKnownFileType = sourcecode.c.h; path = YLCoordinatesViewController.h; sourceTree = "<group>"; };
		099FC7131DF923AC00686B81 /* YLCoordinatesViewController.m */ = {isa = PBXFileReference; fileEncoding = 4; lastKnownFileType = sourcecode.c.objc; path = YLCoordinatesViewController.m; sourceTree = "<group>"; };
		099FC7141DF923AC00686B81 /* YLExplorerToolBar.h */ = {isa = PBXFileReference; fileEncoding = 4; lastKnownFileType = sourcecode.c.h; path = YLExplorerToolBar.h; sourceTree = "<group>"; };
		099FC7151DF923AC00686B81 /* YLExplorerToolBar.m */ = {isa = PBXFileReference; fileEncoding = 4; lastKnownFileType = sourcecode.c.objc; path = YLExplorerToolBar.m; sourceTree = "<group>"; };
		099FC7161DF923AC00686B81 /* YLExplorerViewController.h */ = {isa = PBXFileReference; fileEncoding = 4; lastKnownFileType = sourcecode.c.h; path = YLExplorerViewController.h; sourceTree = "<group>"; };
		099FC7171DF923AC00686B81 /* YLExplorerViewController.m */ = {isa = PBXFileReference; fileEncoding = 4; lastKnownFileType = sourcecode.c.objc; path = YLExplorerViewController.m; sourceTree = "<group>"; };
		099FC7181DF923AC00686B81 /* YLGlobalViewController.h */ = {isa = PBXFileReference; fileEncoding = 4; lastKnownFileType = sourcecode.c.h; path = YLGlobalViewController.h; sourceTree = "<group>"; };
		099FC7191DF923AC00686B81 /* YLGlobalViewController.m */ = {isa = PBXFileReference; fileEncoding = 4; lastKnownFileType = sourcecode.c.objc; path = YLGlobalViewController.m; sourceTree = "<group>"; };
		099FC71A1DF923AC00686B81 /* YLHongBaoViewController.h */ = {isa = PBXFileReference; fileEncoding = 4; lastKnownFileType = sourcecode.c.h; path = YLHongBaoViewController.h; sourceTree = "<group>"; };
		099FC71B1DF923AC00686B81 /* YLHongBaoViewController.m */ = {isa = PBXFileReference; fileEncoding = 4; lastKnownFileType = sourcecode.c.objc; path = YLHongBaoViewController.m; sourceTree = "<group>"; };
		099FC71C1DF923AC00686B81 /* YLSwitchTableViewCell.h */ = {isa = PBXFileReference; fileEncoding = 4; lastKnownFileType = sourcecode.c.h; path = YLSwitchTableViewCell.h; sourceTree = "<group>"; };
		099FC71D1DF923AC00686B81 /* YLSwitchTableViewCell.m */ = {isa = PBXFileReference; fileEncoding = 4; lastKnownFileType = sourcecode.c.objc; path = YLSwitchTableViewCell.m; sourceTree = "<group>"; };
		099FC71E1DF923AC00686B81 /* YLUtility.h */ = {isa = PBXFileReference; fileEncoding = 4; lastKnownFileType = sourcecode.c.h; path = YLUtility.h; sourceTree = "<group>"; };
		099FC71F1DF923AC00686B81 /* YLUtility.m */ = {isa = PBXFileReference; fileEncoding = 4; lastKnownFileType = sourcecode.c.objc; path = YLUtility.m; sourceTree = "<group>"; };
		099FC7201DF923AC00686B81 /* YLWindow.h */ = {isa = PBXFileReference; fileEncoding = 4; lastKnownFileType = sourcecode.c.h; path = YLWindow.h; sourceTree = "<group>"; };
		099FC7211DF923AC00686B81 /* YLWindow.m */ = {isa = PBXFileReference; fileEncoding = 4; lastKnownFileType = sourcecode.c.objc; path = YLWindow.m; sourceTree = "<group>"; };
/* End PBXFileReference section */

/* Begin PBXFrameworksBuildPhase section */
		099FC6FA1DF9236C00686B81 /* Frameworks */ = {
			isa = PBXFrameworksBuildPhase;
			buildActionMask = 2147483647;
			files = (
			);
			runOnlyForDeploymentPostprocessing = 0;
		};
/* End PBXFrameworksBuildPhase section */

/* Begin PBXGroup section */
		0947C5E41E097F28008DEC9F /* KeyChain操作 */ = {
			isa = PBXGroup;
			children = (
				0941B7A51E09294B005FEEA8 /* UICKeyChainStore.h */,
				0941B7A61E09294B005FEEA8 /* UICKeyChainStore.m */,
			);
			name = "KeyChain操作";
			sourceTree = "<group>";
		};
		0947C5E51E097F44008DEC9F /* 红包 */ = {
			isa = PBXGroup;
			children = (
				099FC70C1DF9238D00686B81 /* DingTalkHead.h */,
				099FC70D1DF9238D00686B81 /* DingTalkRedEnvelop.h */,
				099FC70E1DF9238D00686B81 /* DingTalkRedEnvelop.m */,
				09626D0B1E03C01A00BF41C1 /* DingTalkConfig.h */,
				09626D0C1E03C01A00BF41C1 /* DingTalkConfig.m */,
				099FC71A1DF923AC00686B81 /* YLHongBaoViewController.h */,
				099FC71B1DF923AC00686B81 /* YLHongBaoViewController.m */,
			);
			name = "红包";
			sourceTree = "<group>";
		};
		0947C5E61E097F6A008DEC9F /* 经纬度 */ = {
			isa = PBXGroup;
			children = (
				099FC7121DF923AC00686B81 /* YLCoordinatesViewController.h */,
				099FC7131DF923AC00686B81 /* YLCoordinatesViewController.m */,
				096C80D31E098EBF00427DBE /* YLMapViewController.h */,
				096C80D41E098EBF00427DBE /* YLMapViewController.m */,
				096C80D91E0994E100427DBE /* YLMyAnotation.h */,
				096C80DA1E0994E100427DBE /* YLMyAnotation.m */,
			);
			name = "经纬度";
			sourceTree = "<group>";
		};
		0947C5E71E097FA2008DEC9F /* Vendors */ = {
			isa = PBXGroup;
			children = (
				0947C5E81E097FAE008DEC9F /* aspects */,
				0947C5E41E097F28008DEC9F /* KeyChain操作 */,
			);
			name = Vendors;
			sourceTree = "<group>";
		};
		0947C5E81E097FAE008DEC9F /* aspects */ = {
			isa = PBXGroup;
			children = (
				099FC7091DF9238000686B81 /* Aspects.h */,
				099FC70A1DF9238000686B81 /* Aspects.m */,
			);
			name = aspects;
			sourceTree = "<group>";
		};
		0947C5E91E097FEC008DEC9F /* Common */ = {
			isa = PBXGroup;
			children = (
				099FC7101DF923AC00686B81 /* YLAssitManager.h */,
				099FC7111DF923AC00686B81 /* YLAssitManager.m */,
				099FC7141DF923AC00686B81 /* YLExplorerToolBar.h */,
				099FC7151DF923AC00686B81 /* YLExplorerToolBar.m */,
				099FC7161DF923AC00686B81 /* YLExplorerViewController.h */,
				099FC7171DF923AC00686B81 /* YLExplorerViewController.m */,
				099FC7181DF923AC00686B81 /* YLGlobalViewController.h */,
				099FC7191DF923AC00686B81 /* YLGlobalViewController.m */,
				099FC71E1DF923AC00686B81 /* YLUtility.h */,
				099FC71F1DF923AC00686B81 /* YLUtility.m */,
				099FC7201DF923AC00686B81 /* YLWindow.h */,
				099FC7211DF923AC00686B81 /* YLWindow.m */,
				096C80D61E0991DE00427DBE /* YLLocationManager.h */,
				096C80D71E0991DE00427DBE /* YLLocationManager.m */,
				096C80DC1E0995E400427DBE /* YLLocationCaluate.h */,
				096C80DD1E0995E400427DBE /* YLLocationCaluate.m */,
			);
			name = Common;
			sourceTree = "<group>";
		};
		09626D041E03B28200BF41C1 /* Cell */ = {
			isa = PBXGroup;
			children = (
				090832A21E07AF17003800C0 /* YLCellModel.h */,
				090832A31E07AF17003800C0 /* YLCellModel.m */,
				099FC71C1DF923AC00686B81 /* YLSwitchTableViewCell.h */,
				099FC71D1DF923AC00686B81 /* YLSwitchTableViewCell.m */,
				09626D051E03B2B900BF41C1 /* YLTextFeildTableViewCell.h */,
				09626D061E03B2B900BF41C1 /* YLTextFeildTableViewCell.m */,
			);
			name = Cell;
			sourceTree = "<group>";
		};
		099FC6F41DF9236C00686B81 = {
			isa = PBXGroup;
			children = (
				099FC6FF1DF9236C00686B81 /* DingTalkNoJailTweak */,
				099FC6FE1DF9236C00686B81 /* Products */,
			);
			sourceTree = "<group>";
		};
		099FC6FE1DF9236C00686B81 /* Products */ = {
			isa = PBXGroup;
			children = (
				099FC6FD1DF9236C00686B81 /* libDingTalkNoJailTweak.a */,
			);
			name = Products;
			sourceTree = "<group>";
		};
		099FC6FF1DF9236C00686B81 /* DingTalkNoJailTweak */ = {
			isa = PBXGroup;
			children = (
				0947C5E91E097FEC008DEC9F /* Common */,
				0947C5E71E097FA2008DEC9F /* Vendors */,
				0947C5E61E097F6A008DEC9F /* 经纬度 */,
				0947C5E51E097F44008DEC9F /* 红包 */,
				09626D041E03B28200BF41C1 /* Cell */,
				09626D081E03BA4700BF41C1 /* UIView+Helpers.h */,
				09626D091E03BA4700BF41C1 /* UIView+Helpers.m */,
				0908326C1E07A915003800C0 /* gloabalConfig.json */,
			);
			path = DingTalkNoJailTweak;
			sourceTree = "<group>";
		};
/* End PBXGroup section */

/* Begin PBXNativeTarget section */
		099FC6FC1DF9236C00686B81 /* DingTalkNoJailTweak */ = {
			isa = PBXNativeTarget;
			buildConfigurationList = 099FC7061DF9236C00686B81 /* Build configuration list for PBXNativeTarget "DingTalkNoJailTweak" */;
			buildPhases = (
				099FC6F91DF9236C00686B81 /* Sources */,
				099FC6FA1DF9236C00686B81 /* Frameworks */,
				099FC6FB1DF9236C00686B81 /* CopyFiles */,
			);
			buildRules = (
			);
			dependencies = (
			);
			name = DingTalkNoJailTweak;
			productName = DingTalkNoJailTweak;
			productReference = 099FC6FD1DF9236C00686B81 /* libDingTalkNoJailTweak.a */;
			productType = "com.apple.product-type.library.static";
		};
/* End PBXNativeTarget section */

/* Begin PBXProject section */
		099FC6F51DF9236C00686B81 /* Project object */ = {
			isa = PBXProject;
			attributes = {
				LastUpgradeCheck = 0810;
				ORGANIZATIONNAME = yohunl;
				TargetAttributes = {
					099FC6FC1DF9236C00686B81 = {
						CreatedOnToolsVersion = 8.1;
						ProvisioningStyle = Automatic;
					};
				};
			};
			buildConfigurationList = 099FC6F81DF9236C00686B81 /* Build configuration list for PBXProject "DingTalkNoJailTweak" */;
			compatibilityVersion = "Xcode 3.2";
			developmentRegion = English;
			hasScannedForEncodings = 0;
			knownRegions = (
				en,
			);
			mainGroup = 099FC6F41DF9236C00686B81;
			productRefGroup = 099FC6FE1DF9236C00686B81 /* Products */;
			projectDirPath = "";
			projectRoot = "";
			targets = (
				099FC6FC1DF9236C00686B81 /* DingTalkNoJailTweak */,
			);
		};
/* End PBXProject section */

/* Begin PBXSourcesBuildPhase section */
		099FC6F91DF9236C00686B81 /* Sources */ = {
			isa = PBXSourcesBuildPhase;
			buildActionMask = 2147483647;
			files = (
				090832A41E07AF17003800C0 /* YLCellModel.m in Sources */,
				099FC7281DF923AC00686B81 /* YLSwitchTableViewCell.m in Sources */,
				09626D0D1E03C01A00BF41C1 /* DingTalkConfig.m in Sources */,
				09626D071E03B2B900BF41C1 /* YLTextFeildTableViewCell.m in Sources */,
				096C80DB1E0994E100427DBE /* YLMyAnotation.m in Sources */,
				099FC7291DF923AC00686B81 /* YLUtility.m in Sources */,
				099FC7261DF923AC00686B81 /* YLGlobalViewController.m in Sources */,
				09626D0A1E03BA4700BF41C1 /* UIView+Helpers.m in Sources */,
				099FC7271DF923AC00686B81 /* YLHongBaoViewController.m in Sources */,
				099FC7231DF923AC00686B81 /* YLCoordinatesViewController.m in Sources */,
				096C80D51E098EBF00427DBE /* YLMapViewController.m in Sources */,
				096C80DE1E0995E400427DBE /* YLLocationCaluate.m in Sources */,
				099FC70F1DF9238D00686B81 /* DingTalkRedEnvelop.m in Sources */,
				099FC7241DF923AC00686B81 /* YLExplorerToolBar.m in Sources */,
				099FC7251DF923AC00686B81 /* YLExplorerViewController.m in Sources */,
				096C80D81E0991DE00427DBE /* YLLocationManager.m in Sources */,
				099FC70B1DF9238000686B81 /* Aspects.m in Sources */,
				099FC72A1DF923AC00686B81 /* YLWindow.m in Sources */,
				099FC7221DF923AC00686B81 /* YLAssitManager.m in Sources */,
				0941B7A71E09294B005FEEA8 /* UICKeyChainStore.m in Sources */,
			);
			runOnlyForDeploymentPostprocessing = 0;
		};
/* End PBXSourcesBuildPhase section */

/* Begin XCBuildConfiguration section */
		099FC7041DF9236C00686B81 /* Debug */ = {
			isa = XCBuildConfiguration;
			buildSettings = {
				ALWAYS_SEARCH_USER_PATHS = NO;
				CLANG_ANALYZER_NONNULL = YES;
				CLANG_CXX_LANGUAGE_STANDARD = "gnu++0x";
				CLANG_CXX_LIBRARY = "libc++";
				CLANG_ENABLE_MODULES = YES;
				CLANG_ENABLE_OBJC_ARC = YES;
				CLANG_WARN_BOOL_CONVERSION = YES;
				CLANG_WARN_CONSTANT_CONVERSION = YES;
				CLANG_WARN_DIRECT_OBJC_ISA_USAGE = YES_ERROR;
				CLANG_WARN_DOCUMENTATION_COMMENTS = YES;
				CLANG_WARN_EMPTY_BODY = YES;
				CLANG_WARN_ENUM_CONVERSION = YES;
				CLANG_WARN_INFINITE_RECURSION = YES;
				CLANG_WARN_INT_CONVERSION = YES;
				CLANG_WARN_OBJC_ROOT_CLASS = YES_ERROR;
				CLANG_WARN_SUSPICIOUS_MOVES = YES;
				CLANG_WARN_UNREACHABLE_CODE = YES;
				CLANG_WARN__DUPLICATE_METHOD_MATCH = YES;
				"CODE_SIGN_IDENTITY[sdk=iphoneos*]" = "iPhone Developer";
				COPY_PHASE_STRIP = NO;
				DEBUG_INFORMATION_FORMAT = dwarf;
				ENABLE_STRICT_OBJC_MSGSEND = YES;
				ENABLE_TESTABILITY = YES;
				GCC_C_LANGUAGE_STANDARD = gnu99;
				GCC_DYNAMIC_NO_PIC = NO;
				GCC_NO_COMMON_BLOCKS = YES;
				GCC_OPTIMIZATION_LEVEL = 0;
				GCC_PREPROCESSOR_DEFINITIONS = (
					"DEBUG=1",
					"$(inherited)",
				);
				GCC_WARN_64_TO_32_BIT_CONVERSION = YES;
				GCC_WARN_ABOUT_RETURN_TYPE = YES_ERROR;
				GCC_WARN_UNDECLARED_SELECTOR = YES;
				GCC_WARN_UNINITIALIZED_AUTOS = YES_AGGRESSIVE;
				GCC_WARN_UNUSED_FUNCTION = YES;
				GCC_WARN_UNUSED_VARIABLE = YES;
				IPHONEOS_DEPLOYMENT_TARGET = 10.1;
				MTL_ENABLE_DEBUG_INFO = YES;
				ONLY_ACTIVE_ARCH = YES;
				SDKROOT = iphoneos;
			};
			name = Debug;
		};
		099FC7051DF9236C00686B81 /* Release */ = {
			isa = XCBuildConfiguration;
			buildSettings = {
				ALWAYS_SEARCH_USER_PATHS = NO;
				CLANG_ANALYZER_NONNULL = YES;
				CLANG_CXX_LANGUAGE_STANDARD = "gnu++0x";
				CLANG_CXX_LIBRARY = "libc++";
				CLANG_ENABLE_MODULES = YES;
				CLANG_ENABLE_OBJC_ARC = YES;
				CLANG_WARN_BOOL_CONVERSION = YES;
				CLANG_WARN_CONSTANT_CONVERSION = YES;
				CLANG_WARN_DIRECT_OBJC_ISA_USAGE = YES_ERROR;
				CLANG_WARN_DOCUMENTATION_COMMENTS = YES;
				CLANG_WARN_EMPTY_BODY = YES;
				CLANG_WARN_ENUM_CONVERSION = YES;
				CLANG_WARN_INFINITE_RECURSION = YES;
				CLANG_WARN_INT_CONVERSION = YES;
				CLANG_WARN_OBJC_ROOT_CLASS = YES_ERROR;
				CLANG_WARN_SUSPICIOUS_MOVES = YES;
				CLANG_WARN_UNREACHABLE_CODE = YES;
				CLANG_WARN__DUPLICATE_METHOD_MATCH = YES;
				"CODE_SIGN_IDENTITY[sdk=iphoneos*]" = "iPhone Developer";
				COPY_PHASE_STRIP = NO;
				DEBUG_INFORMATION_FORMAT = "dwarf-with-dsym";
				ENABLE_NS_ASSERTIONS = NO;
				ENABLE_STRICT_OBJC_MSGSEND = YES;
				GCC_C_LANGUAGE_STANDARD = gnu99;
				GCC_NO_COMMON_BLOCKS = YES;
				GCC_WARN_64_TO_32_BIT_CONVERSION = YES;
				GCC_WARN_ABOUT_RETURN_TYPE = YES_ERROR;
				GCC_WARN_UNDECLARED_SELECTOR = YES;
				GCC_WARN_UNINITIALIZED_AUTOS = YES_AGGRESSIVE;
				GCC_WARN_UNUSED_FUNCTION = YES;
				GCC_WARN_UNUSED_VARIABLE = YES;
				IPHONEOS_DEPLOYMENT_TARGET = 10.1;
				MTL_ENABLE_DEBUG_INFO = NO;
				SDKROOT = iphoneos;
				VALIDATE_PRODUCT = YES;
			};
			name = Release;
		};
		099FC7071DF9236C00686B81 /* Debug */ = {
			isa = XCBuildConfiguration;
			buildSettings = {
				MACH_O_TYPE = mh_dylib;
				OTHER_LDFLAGS = "-ObjC";
				PRODUCT_NAME = "$(TARGET_NAME)";
				SKIP_INSTALL = YES;
			};
			name = Debug;
		};
		099FC7081DF9236C00686B81 /* Release */ = {
			isa = XCBuildConfiguration;
			buildSettings = {
				MACH_O_TYPE = mh_dylib;
				OTHER_LDFLAGS = "-ObjC";
				PRODUCT_NAME = "$(TARGET_NAME)";
				SKIP_INSTALL = YES;
			};
			name = Release;
		};
/* End XCBuildConfiguration section */

/* Begin XCConfigurationList section */
		099FC6F81DF9236C00686B81 /* Build configuration list for PBXProject "DingTalkNoJailTweak" */ = {
			isa = XCConfigurationList;
			buildConfigurations = (
				099FC7041DF9236C00686B81 /* Debug */,
				099FC7051DF9236C00686B81 /* Release */,
			);
			defaultConfigurationIsVisible = 0;
			defaultConfigurationName = Release;
		};
		099FC7061DF9236C00686B81 /* Build configuration list for PBXNativeTarget "DingTalkNoJailTweak" */ = {
			isa = XCConfigurationList;
			buildConfigurations = (
				099FC7071DF9236C00686B81 /* Debug */,
				099FC7081DF9236C00686B81 /* Release */,
			);
			defaultConfigurationIsVisible = 0;
			defaultConfigurationName = Release;
		};
/* End XCConfigurationList section */
	};
	rootObject = 099FC6F51DF9236C00686B81 /* Project object */;
}
